
Microsoft Visual Studio Solution File, Format Version 12.00
# Visual Studio Version 17
VisualStudioVersion = 17.10.35013.160
MinimumVisualStudioVersion = 10.0.40219.1
Project("{FAE04EC0-301F-11D3-BF4B-00C04F79EFBC}") = "LINQ02", "LINQ02\LINQ02.csproj", "{D7C268E7-9DCC-4314-A582-FF95F02E76AE}"
EndProject
Global
	GlobalSection(SolutionConfigurationPlatforms) = preSolution
		Debug|Any CPU = Debug|Any CPU
		Release|Any CPU = Release|Any CPU
	EndGlobalSection
	GlobalSection(ProjectConfigurationPlatforms) = postSolution
		{D7C268E7-9DCC-4314-A582-FF95F02E76AE}.Debug|Any CPU.ActiveCfg = Debug|Any CPU
		{D7C268E7-9DCC-4314-A582-FF95F02E76AE}.Debug|Any CPU.Build.0 = Debug|Any CPU
		{D7C268E7-9DCC-4314-A582-FF95F02E76AE}.Release|Any CPU.ActiveCfg = Release|Any CPU
		{D7C268E7-9DCC-4314-A582-FF95F02E76AE}.Release|Any CPU.Build.0 = Release|Any CPU
	EndGlobalSection
	GlobalSection(SolutionProperties) = preSolution
		HideSolutionNode = FALSE
	EndGlobalSection
	GlobalSection(ExtensibilityGlobals) = postSolution
		SolutionGuid = {B259F769-B673-43FD-9278-C8C0491F3171}
	EndGlobalSection
EndGlobal
