
Microsoft Visual Studio Solution File, Format Version 12.00
# Visual Studio Version 17
VisualStudioVersion = 17.10.35013.160
MinimumVisualStudioVersion = 10.0.40219.1
Project("{FAE04EC0-301F-11D3-BF4B-00C04F79EFBC}") = "Demo.PL", "Demo.PL\Demo.PL.csproj", "{A2012AE8-7E98-4DC2-8CAE-5403F87B5B6D}"
EndProject
Project("{FAE04EC0-301F-11D3-BF4B-00C04F79EFBC}") = "Demo.BL", "Demo.BL\Demo.BL.csproj", "{09BD8ED2-6DB4-43F5-8CC0-EB98F53ECE80}"
EndProject
Project("{FAE04EC0-301F-11D3-BF4B-00C04F79EFBC}") = "Demo.DAL", "Demo.DAL\Demo.DAL.csproj", "{8697C20C-186D-4C37-B960-418B77658250}"
EndProject
Global
	GlobalSection(SolutionConfigurationPlatforms) = preSolution
		Debug|Any CPU = Debug|Any CPU
		Release|Any CPU = Release|Any CPU
	EndGlobalSection
	GlobalSection(ProjectConfigurationPlatforms) = postSolution
		{A2012AE8-7E98-4DC2-8CAE-5403F87B5B6D}.Debug|Any CPU.ActiveCfg = Debug|Any CPU
		{A2012AE8-7E98-4DC2-8CAE-5403F87B5B6D}.Debug|Any CPU.Build.0 = Debug|Any CPU
		{A2012AE8-7E98-4DC2-8CAE-5403F87B5B6D}.Release|Any CPU.ActiveCfg = Release|Any CPU
		{A2012AE8-7E98-4DC2-8CAE-5403F87B5B6D}.Release|Any CPU.Build.0 = Release|Any CPU
		{09BD8ED2-6DB4-43F5-8CC0-EB98F53ECE80}.Debug|Any CPU.ActiveCfg = Debug|Any CPU
		{09BD8ED2-6DB4-43F5-8CC0-EB98F53ECE80}.Debug|Any CPU.Build.0 = Debug|Any CPU
		{09BD8ED2-6DB4-43F5-8CC0-EB98F53ECE80}.Release|Any CPU.ActiveCfg = Release|Any CPU
		{09BD8ED2-6DB4-43F5-8CC0-EB98F53ECE80}.Release|Any CPU.Build.0 = Release|Any CPU
		{8697C20C-186D-4C37-B960-418B77658250}.Debug|Any CPU.ActiveCfg = Debug|Any CPU
		{8697C20C-186D-4C37-B960-418B77658250}.Debug|Any CPU.Build.0 = Debug|Any CPU
		{8697C20C-186D-4C37-B960-418B77658250}.Release|Any CPU.ActiveCfg = Release|Any CPU
		{8697C20C-186D-4C37-B960-418B77658250}.Release|Any CPU.Build.0 = Release|Any CPU
	EndGlobalSection
	GlobalSection(SolutionProperties) = preSolution
		HideSolutionNode = FALSE
	EndGlobalSection
	GlobalSection(ExtensibilityGlobals) = postSolution
		SolutionGuid = {44547712-7CDB-4F65-91CE-BE43533710C3}
	EndGlobalSection
EndGlobal
