
Microsoft Visual Studio Solution File, Format Version 12.00
# Visual Studio Version 17
VisualStudioVersion = 17.10.35013.160
MinimumVisualStudioVersion = 10.0.40219.1
Project("{FAE04EC0-301F-11D3-BF4B-00C04F79EFBC}") = "Assignment04", "Assignment04\Assignment04.csproj", "{074957CA-CE5A-4E1F-A2F0-D6FEB48E1EAA}"
EndProject
Global
	GlobalSection(SolutionConfigurationPlatforms) = preSolution
		Debug|Any CPU = Debug|Any CPU
		Release|Any CPU = Release|Any CPU
	EndGlobalSection
	GlobalSection(ProjectConfigurationPlatforms) = postSolution
		{074957CA-CE5A-4E1F-A2F0-D6FEB48E1EAA}.Debug|Any CPU.ActiveCfg = Debug|Any CPU
		{074957CA-CE5A-4E1F-A2F0-D6FEB48E1EAA}.Debug|Any CPU.Build.0 = Debug|Any CPU
		{074957CA-CE5A-4E1F-A2F0-D6FEB48E1EAA}.Release|Any CPU.ActiveCfg = Release|Any CPU
		{074957CA-CE5A-4E1F-A2F0-D6FEB48E1EAA}.Release|Any CPU.Build.0 = Release|Any CPU
	EndGlobalSection
	GlobalSection(SolutionProperties) = preSolution
		HideSolutionNode = FALSE
	EndGlobalSection
	GlobalSection(ExtensibilityGlobals) = postSolution
		SolutionGuid = {4E8340F5-AA15-4F39-8F13-0F30B4A80668}
	EndGlobalSection
EndGlobal
