
Microsoft Visual Studio Solution File, Format Version 12.00
# Visual Studio Version 17
VisualStudioVersion = 17.10.35013.160
MinimumVisualStudioVersion = 10.0.40219.1
Project("{FAE04EC0-301F-11D3-BF4B-00C04F79EFBC}") = "ADV01", "ADV01\ADV01.csproj", "{46D107DB-A6FD-4AE5-BF36-7F88CE63C583}"
EndProject
Global
	GlobalSection(SolutionConfigurationPlatforms) = preSolution
		Debug|Any CPU = Debug|Any CPU
		Release|Any CPU = Release|Any CPU
	EndGlobalSection
	GlobalSection(ProjectConfigurationPlatforms) = postSolution
		{46D107DB-A6FD-4AE5-BF36-7F88CE63C583}.Debug|Any CPU.ActiveCfg = Debug|Any CPU
		{46D107DB-A6FD-4AE5-BF36-7F88CE63C583}.Debug|Any CPU.Build.0 = Debug|Any CPU
		{46D107DB-A6FD-4AE5-BF36-7F88CE63C583}.Release|Any CPU.ActiveCfg = Release|Any CPU
		{46D107DB-A6FD-4AE5-BF36-7F88CE63C583}.Release|Any CPU.Build.0 = Release|Any CPU
	EndGlobalSection
	GlobalSection(SolutionProperties) = preSolution
		HideSolutionNode = FALSE
	EndGlobalSection
	GlobalSection(ExtensibilityGlobals) = postSolution
		SolutionGuid = {AD8691F3-5574-412E-B20E-203625895584}
	EndGlobalSection
EndGlobal
