
Microsoft Visual Studio Solution File, Format Version 12.00
# Visual Studio Version 17
VisualStudioVersion = 17.10.35004.147
MinimumVisualStudioVersion = 10.0.40219.1
Project("{9A19103F-16F7-4668-BE54-9A1E7A4F7556}") = "Demo", "Demo\Demo.csproj", "{930835AA-F3B3-4415-92C7-425CA693C3DE}"
EndProject
Project("{FAE04EC0-301F-11D3-BF4B-00C04F79EFBC}") = "Assignment", "Assignment\Assignment.csproj", "{86706DA9-F897-42AD-BC42-F24F34EDFFE0}"
EndProject
Global
	GlobalSection(SolutionConfigurationPlatforms) = preSolution
		Debug|Any CPU = Debug|Any CPU
		Release|Any CPU = Release|Any CPU
	EndGlobalSection
	GlobalSection(ProjectConfigurationPlatforms) = postSolution
		{930835AA-F3B3-4415-92C7-425CA693C3DE}.Debug|Any CPU.ActiveCfg = Debug|Any CPU
		{930835AA-F3B3-4415-92C7-425CA693C3DE}.Debug|Any CPU.Build.0 = Debug|Any CPU
		{930835AA-F3B3-4415-92C7-425CA693C3DE}.Release|Any CPU.ActiveCfg = Release|Any CPU
		{930835AA-F3B3-4415-92C7-425CA693C3DE}.Release|Any CPU.Build.0 = Release|Any CPU
		{86706DA9-F897-42AD-BC42-F24F34EDFFE0}.Debug|Any CPU.ActiveCfg = Debug|Any CPU
		{86706DA9-F897-42AD-BC42-F24F34EDFFE0}.Debug|Any CPU.Build.0 = Debug|Any CPU
		{86706DA9-F897-42AD-BC42-F24F34EDFFE0}.Release|Any CPU.ActiveCfg = Release|Any CPU
		{86706DA9-F897-42AD-BC42-F24F34EDFFE0}.Release|Any CPU.Build.0 = Release|Any CPU
	EndGlobalSection
	GlobalSection(SolutionProperties) = preSolution
		HideSolutionNode = FALSE
	EndGlobalSection
	GlobalSection(ExtensibilityGlobals) = postSolution
		SolutionGuid = {3B618CC5-0D72-4A71-8230-A9EF6B3CF901}
	EndGlobalSection
EndGlobal
